
Microsoft Visual Studio Solution File, Format Version 12.00
# Visual Studio 14
VisualStudioVersion = 14.0.25420.1
MinimumVisualStudioVersion = 10.0.40219.1
Project("{8BC9CEB8-8B4A-11D0-8D11-00A0C91BC942}") = "Lab2_8", "Danya-SiAOD\Danya-SiAOD.vcxproj", "{5E70AE76-9223-4D2B-B7A1-81849FA6A0DB}"
EndProject
Project("{8BC9CEB8-8B4A-11D0-8D11-00A0C91BC942}") = "lab2_4", "lab2_4\lab2_4.vcxproj", "{8B44B9DC-36BC-4537-824B-988CF53B02D5}"
EndProject
Project("{8BC9CEB8-8B4A-11D0-8D11-00A0C91BC942}") = "Lab2_5", "Lab2_5\Lab2_5.vcxproj", "{5A99E6D7-99A9-4A87-B73A-61E567300443}"
EndProject
Project("{8BC9CEB8-8B4A-11D0-8D11-00A0C91BC942}") = "Lab2_6", "Lab2_6\Lab2_6.vcxproj", "{5F8452D1-E5D0-4128-B455-6E1D3D36C87E}"
EndProject
Project("{8BC9CEB8-8B4A-11D0-8D11-00A0C91BC942}") = "Lab2_7", "Lab2_7\Lab2_7.vcxproj", "{1343E553-DDCB-4505-95CC-689246039A10}"
EndProject
Project("{8BC9CEB8-8B4A-11D0-8D11-00A0C91BC942}") = "Lab5", "Lab5\Lab5.vcxproj", "{2C985FDE-8CE9-4C9F-9650-239D0646A026}"
EndProject
Project("{8BC9CEB8-8B4A-11D0-8D11-00A0C91BC942}") = "Lab7_1", "Lab7_1\Lab7_1.vcxproj", "{C5B87B18-7E01-4004-AA28-CFD989C74279}"
EndProject
Project("{8BC9CEB8-8B4A-11D0-8D11-00A0C91BC942}") = "Lab7_2", "Lab7_2\Lab7_2.vcxproj", "{87DE16D5-0F12-4FDA-943A-5CA16EB3878C}"
EndProject
Project("{8BC9CEB8-8B4A-11D0-8D11-00A0C91BC942}") = "Lab7_3", "Lab7_3\Lab7_3.vcxproj", "{607B63E0-8611-4188-970F-97071AA781EC}"
EndProject
Project("{8BC9CEB8-8B4A-11D0-8D11-00A0C91BC942}") = "Lab8", "Lab8\Lab8.vcxproj", "{80570A8C-3279-427B-B2EF-5B109FC4DD87}"
EndProject
Project("{8BC9CEB8-8B4A-11D0-8D11-00A0C91BC942}") = "Lab10_1", "Lab10_1\Lab10_1.vcxproj", "{418080DC-150D-474F-B02B-473F1A397690}"
EndProject
Project("{8BC9CEB8-8B4A-11D0-8D11-00A0C91BC942}") = "Lab10_2", "Lab10_2\Lab10_2.vcxproj", "{0E1B2F6E-6547-4D19-A7BF-88E581CA66C7}"
EndProject
Project("{8BC9CEB8-8B4A-11D0-8D11-00A0C91BC942}") = "Lab10_3", "Lab10_3\Lab10_3.vcxproj", "{3289FB38-B7D4-4E8F-8906-6D67DCDA0E98}"
EndProject
Project("{8BC9CEB8-8B4A-11D0-8D11-00A0C91BC942}") = "Lab10_4", "Lab10_4\Lab10_4.vcxproj", "{8AFF21F8-9A33-4447-861B-0EE47C1EFE8E}"
EndProject
Project("{8BC9CEB8-8B4A-11D0-8D11-00A0C91BC942}") = "Lab10_5", "Lab10_5\Lab10_5.vcxproj", "{FD27468F-3916-49D6-A5A8-6D716CF540D2}"
EndProject
Project("{8BC9CEB8-8B4A-11D0-8D11-00A0C91BC942}") = "Lab14", "Lab14\Lab14.vcxproj", "{16C3BDE1-647B-4260-A2EC-9E29A89D1BF5}"
EndProject
Project("{8BC9CEB8-8B4A-11D0-8D11-00A0C91BC942}") = "Lab14_2", "Lab14_2\Lab14_2.vcxproj", "{A08CFFD9-3D4A-40F1-83A8-5A485B6DB02D}"
EndProject
Project("{8BC9CEB8-8B4A-11D0-8D11-00A0C91BC942}") = "Lab17_1", "Lab17\Lab17.vcxproj", "{BA407E9E-512D-4CC7-910D-ECE0A9547351}"
EndProject
Project("{8BC9CEB8-8B4A-11D0-8D11-00A0C91BC942}") = "Lab17_2", "Lab17_2\Lab17_2.vcxproj", "{D69BBFCD-6650-4271-BAEB-E75B43E2E86E}"
EndProject
Project("{8BC9CEB8-8B4A-11D0-8D11-00A0C91BC942}") = "Lab17_3", "Lab17_3\Lab17_3.vcxproj", "{C3C98B9C-6FD3-422C-BE19-698677B7D30D}"
EndProject
Project("{8BC9CEB8-8B4A-11D0-8D11-00A0C91BC942}") = "Lab17_4", "Lab17_4\Lab17_4.vcxproj", "{476E6E0E-4D2A-4AF9-87B6-9BFD6DCD538E}"
EndProject
Project("{8BC9CEB8-8B4A-11D0-8D11-00A0C91BC942}") = "Lab17_5", "Lab17_5\Lab17_5.vcxproj", "{59B71586-BD0C-496D-AD9D-C4AEDA51D715}"
EndProject
Project("{8BC9CEB8-8B4A-11D0-8D11-00A0C91BC942}") = "Lab17_6", "Lab17_6\Lab17_6.vcxproj", "{6098ED92-9BBF-483B-804D-8A1B042E8395}"
EndProject
Project("{8BC9CEB8-8B4A-11D0-8D11-00A0C91BC942}") = "Lab17_7", "Lab17_7\Lab17_7.vcxproj", "{056FB18F-C076-4325-8A75-12236479A859}"
EndProject
Project("{8BC9CEB8-8B4A-11D0-8D11-00A0C91BC942}") = "Lab17_8", "Lab17_8\Lab17_8.vcxproj", "{2E3B3A21-E145-4D80-8783-7BDD772B8910}"
EndProject
Project("{8BC9CEB8-8B4A-11D0-8D11-00A0C91BC942}") = "Lab21_1", "Lab21_1\Lab21_1.vcxproj", "{A6163A3B-FEF1-4749-9EC4-CACF2E5F2C7B}"
EndProject
Project("{8BC9CEB8-8B4A-11D0-8D11-00A0C91BC942}") = "Lab21_2", "Lab21_2\Lab21_2.vcxproj", "{28544E76-7DA3-4154-B513-4AC7B442EA15}"
EndProject
Global
	GlobalSection(SolutionConfigurationPlatforms) = preSolution
		Debug|x64 = Debug|x64
		Debug|x86 = Debug|x86
		Release|x64 = Release|x64
		Release|x86 = Release|x86
	EndGlobalSection
	GlobalSection(ProjectConfigurationPlatforms) = postSolution
		{5E70AE76-9223-4D2B-B7A1-81849FA6A0DB}.Debug|x64.ActiveCfg = Debug|x64
		{5E70AE76-9223-4D2B-B7A1-81849FA6A0DB}.Debug|x64.Build.0 = Debug|x64
		{5E70AE76-9223-4D2B-B7A1-81849FA6A0DB}.Debug|x86.ActiveCfg = Debug|Win32
		{5E70AE76-9223-4D2B-B7A1-81849FA6A0DB}.Debug|x86.Build.0 = Debug|Win32
		{5E70AE76-9223-4D2B-B7A1-81849FA6A0DB}.Release|x64.ActiveCfg = Release|x64
		{5E70AE76-9223-4D2B-B7A1-81849FA6A0DB}.Release|x64.Build.0 = Release|x64
		{5E70AE76-9223-4D2B-B7A1-81849FA6A0DB}.Release|x86.ActiveCfg = Release|Win32
		{5E70AE76-9223-4D2B-B7A1-81849FA6A0DB}.Release|x86.Build.0 = Release|Win32
		{8B44B9DC-36BC-4537-824B-988CF53B02D5}.Debug|x64.ActiveCfg = Debug|x64
		{8B44B9DC-36BC-4537-824B-988CF53B02D5}.Debug|x64.Build.0 = Debug|x64
		{8B44B9DC-36BC-4537-824B-988CF53B02D5}.Debug|x86.ActiveCfg = Debug|Win32
		{8B44B9DC-36BC-4537-824B-988CF53B02D5}.Debug|x86.Build.0 = Debug|Win32
		{8B44B9DC-36BC-4537-824B-988CF53B02D5}.Release|x64.ActiveCfg = Release|x64
		{8B44B9DC-36BC-4537-824B-988CF53B02D5}.Release|x64.Build.0 = Release|x64
		{8B44B9DC-36BC-4537-824B-988CF53B02D5}.Release|x86.ActiveCfg = Release|Win32
		{8B44B9DC-36BC-4537-824B-988CF53B02D5}.Release|x86.Build.0 = Release|Win32
		{5A99E6D7-99A9-4A87-B73A-61E567300443}.Debug|x64.ActiveCfg = Debug|x64
		{5A99E6D7-99A9-4A87-B73A-61E567300443}.Debug|x64.Build.0 = Debug|x64
		{5A99E6D7-99A9-4A87-B73A-61E567300443}.Debug|x86.ActiveCfg = Debug|Win32
		{5A99E6D7-99A9-4A87-B73A-61E567300443}.Debug|x86.Build.0 = Debug|Win32
		{5A99E6D7-99A9-4A87-B73A-61E567300443}.Release|x64.ActiveCfg = Release|x64
		{5A99E6D7-99A9-4A87-B73A-61E567300443}.Release|x64.Build.0 = Release|x64
		{5A99E6D7-99A9-4A87-B73A-61E567300443}.Release|x86.ActiveCfg = Release|Win32
		{5A99E6D7-99A9-4A87-B73A-61E567300443}.Release|x86.Build.0 = Release|Win32
		{5F8452D1-E5D0-4128-B455-6E1D3D36C87E}.Debug|x64.ActiveCfg = Debug|x64
		{5F8452D1-E5D0-4128-B455-6E1D3D36C87E}.Debug|x64.Build.0 = Debug|x64
		{5F8452D1-E5D0-4128-B455-6E1D3D36C87E}.Debug|x86.ActiveCfg = Debug|Win32
		{5F8452D1-E5D0-4128-B455-6E1D3D36C87E}.Debug|x86.Build.0 = Debug|Win32
		{5F8452D1-E5D0-4128-B455-6E1D3D36C87E}.Release|x64.ActiveCfg = Release|x64
		{5F8452D1-E5D0-4128-B455-6E1D3D36C87E}.Release|x64.Build.0 = Release|x64
		{5F8452D1-E5D0-4128-B455-6E1D3D36C87E}.Release|x86.ActiveCfg = Release|Win32
		{5F8452D1-E5D0-4128-B455-6E1D3D36C87E}.Release|x86.Build.0 = Release|Win32
		{1343E553-DDCB-4505-95CC-689246039A10}.Debug|x64.ActiveCfg = Debug|x64
		{1343E553-DDCB-4505-95CC-689246039A10}.Debug|x64.Build.0 = Debug|x64
		{1343E553-DDCB-4505-95CC-689246039A10}.Debug|x86.ActiveCfg = Debug|Win32
		{1343E553-DDCB-4505-95CC-689246039A10}.Debug|x86.Build.0 = Debug|Win32
		{1343E553-DDCB-4505-95CC-689246039A10}.Release|x64.ActiveCfg = Release|x64
		{1343E553-DDCB-4505-95CC-689246039A10}.Release|x64.Build.0 = Release|x64
		{1343E553-DDCB-4505-95CC-689246039A10}.Release|x86.ActiveCfg = Release|Win32
		{1343E553-DDCB-4505-95CC-689246039A10}.Release|x86.Build.0 = Release|Win32
		{2C985FDE-8CE9-4C9F-9650-239D0646A026}.Debug|x64.ActiveCfg = Debug|x64
		{2C985FDE-8CE9-4C9F-9650-239D0646A026}.Debug|x64.Build.0 = Debug|x64
		{2C985FDE-8CE9-4C9F-9650-239D0646A026}.Debug|x86.ActiveCfg = Debug|Win32
		{2C985FDE-8CE9-4C9F-9650-239D0646A026}.Debug|x86.Build.0 = Debug|Win32
		{2C985FDE-8CE9-4C9F-9650-239D0646A026}.Release|x64.ActiveCfg = Release|x64
		{2C985FDE-8CE9-4C9F-9650-239D0646A026}.Release|x64.Build.0 = Release|x64
		{2C985FDE-8CE9-4C9F-9650-239D0646A026}.Release|x86.ActiveCfg = Release|Win32
		{2C985FDE-8CE9-4C9F-9650-239D0646A026}.Release|x86.Build.0 = Release|Win32
		{C5B87B18-7E01-4004-AA28-CFD989C74279}.Debug|x64.ActiveCfg = Debug|x64
		{C5B87B18-7E01-4004-AA28-CFD989C74279}.Debug|x64.Build.0 = Debug|x64
		{C5B87B18-7E01-4004-AA28-CFD989C74279}.Debug|x86.ActiveCfg = Debug|Win32
		{C5B87B18-7E01-4004-AA28-CFD989C74279}.Debug|x86.Build.0 = Debug|Win32
		{C5B87B18-7E01-4004-AA28-CFD989C74279}.Release|x64.ActiveCfg = Release|x64
		{C5B87B18-7E01-4004-AA28-CFD989C74279}.Release|x64.Build.0 = Release|x64
		{C5B87B18-7E01-4004-AA28-CFD989C74279}.Release|x86.ActiveCfg = Release|Win32
		{C5B87B18-7E01-4004-AA28-CFD989C74279}.Release|x86.Build.0 = Release|Win32
		{87DE16D5-0F12-4FDA-943A-5CA16EB3878C}.Debug|x64.ActiveCfg = Debug|x64
		{87DE16D5-0F12-4FDA-943A-5CA16EB3878C}.Debug|x64.Build.0 = Debug|x64
		{87DE16D5-0F12-4FDA-943A-5CA16EB3878C}.Debug|x86.ActiveCfg = Debug|Win32
		{87DE16D5-0F12-4FDA-943A-5CA16EB3878C}.Debug|x86.Build.0 = Debug|Win32
		{87DE16D5-0F12-4FDA-943A-5CA16EB3878C}.Release|x64.ActiveCfg = Release|x64
		{87DE16D5-0F12-4FDA-943A-5CA16EB3878C}.Release|x64.Build.0 = Release|x64
		{87DE16D5-0F12-4FDA-943A-5CA16EB3878C}.Release|x86.ActiveCfg = Release|Win32
		{87DE16D5-0F12-4FDA-943A-5CA16EB3878C}.Release|x86.Build.0 = Release|Win32
		{607B63E0-8611-4188-970F-97071AA781EC}.Debug|x64.ActiveCfg = Debug|x64
		{607B63E0-8611-4188-970F-97071AA781EC}.Debug|x64.Build.0 = Debug|x64
		{607B63E0-8611-4188-970F-97071AA781EC}.Debug|x86.ActiveCfg = Debug|Win32
		{607B63E0-8611-4188-970F-97071AA781EC}.Debug|x86.Build.0 = Debug|Win32
		{607B63E0-8611-4188-970F-97071AA781EC}.Release|x64.ActiveCfg = Release|x64
		{607B63E0-8611-4188-970F-97071AA781EC}.Release|x64.Build.0 = Release|x64
		{607B63E0-8611-4188-970F-97071AA781EC}.Release|x86.ActiveCfg = Release|Win32
		{607B63E0-8611-4188-970F-97071AA781EC}.Release|x86.Build.0 = Release|Win32
		{80570A8C-3279-427B-B2EF-5B109FC4DD87}.Debug|x64.ActiveCfg = Debug|x64
		{80570A8C-3279-427B-B2EF-5B109FC4DD87}.Debug|x64.Build.0 = Debug|x64
		{80570A8C-3279-427B-B2EF-5B109FC4DD87}.Debug|x86.ActiveCfg = Debug|Win32
		{80570A8C-3279-427B-B2EF-5B109FC4DD87}.Debug|x86.Build.0 = Debug|Win32
		{80570A8C-3279-427B-B2EF-5B109FC4DD87}.Release|x64.ActiveCfg = Release|x64
		{80570A8C-3279-427B-B2EF-5B109FC4DD87}.Release|x64.Build.0 = Release|x64
		{80570A8C-3279-427B-B2EF-5B109FC4DD87}.Release|x86.ActiveCfg = Release|Win32
		{80570A8C-3279-427B-B2EF-5B109FC4DD87}.Release|x86.Build.0 = Release|Win32
		{418080DC-150D-474F-B02B-473F1A397690}.Debug|x64.ActiveCfg = Debug|x64
		{418080DC-150D-474F-B02B-473F1A397690}.Debug|x64.Build.0 = Debug|x64
		{418080DC-150D-474F-B02B-473F1A397690}.Debug|x86.ActiveCfg = Debug|Win32
		{418080DC-150D-474F-B02B-473F1A397690}.Debug|x86.Build.0 = Debug|Win32
		{418080DC-150D-474F-B02B-473F1A397690}.Release|x64.ActiveCfg = Release|x64
		{418080DC-150D-474F-B02B-473F1A397690}.Release|x64.Build.0 = Release|x64
		{418080DC-150D-474F-B02B-473F1A397690}.Release|x86.ActiveCfg = Release|Win32
		{418080DC-150D-474F-B02B-473F1A397690}.Release|x86.Build.0 = Release|Win32
		{0E1B2F6E-6547-4D19-A7BF-88E581CA66C7}.Debug|x64.ActiveCfg = Debug|x64
		{0E1B2F6E-6547-4D19-A7BF-88E581CA66C7}.Debug|x64.Build.0 = Debug|x64
		{0E1B2F6E-6547-4D19-A7BF-88E581CA66C7}.Debug|x86.ActiveCfg = Debug|Win32
		{0E1B2F6E-6547-4D19-A7BF-88E581CA66C7}.Debug|x86.Build.0 = Debug|Win32
		{0E1B2F6E-6547-4D19-A7BF-88E581CA66C7}.Release|x64.ActiveCfg = Release|x64
		{0E1B2F6E-6547-4D19-A7BF-88E581CA66C7}.Release|x64.Build.0 = Release|x64
		{0E1B2F6E-6547-4D19-A7BF-88E581CA66C7}.Release|x86.ActiveCfg = Release|Win32
		{0E1B2F6E-6547-4D19-A7BF-88E581CA66C7}.Release|x86.Build.0 = Release|Win32
		{3289FB38-B7D4-4E8F-8906-6D67DCDA0E98}.Debug|x64.ActiveCfg = Debug|x64
		{3289FB38-B7D4-4E8F-8906-6D67DCDA0E98}.Debug|x64.Build.0 = Debug|x64
		{3289FB38-B7D4-4E8F-8906-6D67DCDA0E98}.Debug|x86.ActiveCfg = Debug|Win32
		{3289FB38-B7D4-4E8F-8906-6D67DCDA0E98}.Debug|x86.Build.0 = Debug|Win32
		{3289FB38-B7D4-4E8F-8906-6D67DCDA0E98}.Release|x64.ActiveCfg = Release|x64
		{3289FB38-B7D4-4E8F-8906-6D67DCDA0E98}.Release|x64.Build.0 = Release|x64
		{3289FB38-B7D4-4E8F-8906-6D67DCDA0E98}.Release|x86.ActiveCfg = Release|Win32
		{3289FB38-B7D4-4E8F-8906-6D67DCDA0E98}.Release|x86.Build.0 = Release|Win32
		{8AFF21F8-9A33-4447-861B-0EE47C1EFE8E}.Debug|x64.ActiveCfg = Debug|x64
		{8AFF21F8-9A33-4447-861B-0EE47C1EFE8E}.Debug|x64.Build.0 = Debug|x64
		{8AFF21F8-9A33-4447-861B-0EE47C1EFE8E}.Debug|x86.ActiveCfg = Debug|Win32
		{8AFF21F8-9A33-4447-861B-0EE47C1EFE8E}.Debug|x86.Build.0 = Debug|Win32
		{8AFF21F8-9A33-4447-861B-0EE47C1EFE8E}.Release|x64.ActiveCfg = Release|x64
		{8AFF21F8-9A33-4447-861B-0EE47C1EFE8E}.Release|x64.Build.0 = Release|x64
		{8AFF21F8-9A33-4447-861B-0EE47C1EFE8E}.Release|x86.ActiveCfg = Release|Win32
		{8AFF21F8-9A33-4447-861B-0EE47C1EFE8E}.Release|x86.Build.0 = Release|Win32
		{FD27468F-3916-49D6-A5A8-6D716CF540D2}.Debug|x64.ActiveCfg = Debug|x64
		{FD27468F-3916-49D6-A5A8-6D716CF540D2}.Debug|x64.Build.0 = Debug|x64
		{FD27468F-3916-49D6-A5A8-6D716CF540D2}.Debug|x86.ActiveCfg = Debug|Win32
		{FD27468F-3916-49D6-A5A8-6D716CF540D2}.Debug|x86.Build.0 = Debug|Win32
		{FD27468F-3916-49D6-A5A8-6D716CF540D2}.Release|x64.ActiveCfg = Release|x64
		{FD27468F-3916-49D6-A5A8-6D716CF540D2}.Release|x64.Build.0 = Release|x64
		{FD27468F-3916-49D6-A5A8-6D716CF540D2}.Release|x86.ActiveCfg = Release|Win32
		{FD27468F-3916-49D6-A5A8-6D716CF540D2}.Release|x86.Build.0 = Release|Win32
		{16C3BDE1-647B-4260-A2EC-9E29A89D1BF5}.Debug|x64.ActiveCfg = Debug|x64
		{16C3BDE1-647B-4260-A2EC-9E29A89D1BF5}.Debug|x64.Build.0 = Debug|x64
		{16C3BDE1-647B-4260-A2EC-9E29A89D1BF5}.Debug|x86.ActiveCfg = Debug|Win32
		{16C3BDE1-647B-4260-A2EC-9E29A89D1BF5}.Debug|x86.Build.0 = Debug|Win32
		{16C3BDE1-647B-4260-A2EC-9E29A89D1BF5}.Release|x64.ActiveCfg = Release|x64
		{16C3BDE1-647B-4260-A2EC-9E29A89D1BF5}.Release|x64.Build.0 = Release|x64
		{16C3BDE1-647B-4260-A2EC-9E29A89D1BF5}.Release|x86.ActiveCfg = Release|Win32
		{16C3BDE1-647B-4260-A2EC-9E29A89D1BF5}.Release|x86.Build.0 = Release|Win32
		{A08CFFD9-3D4A-40F1-83A8-5A485B6DB02D}.Debug|x64.ActiveCfg = Debug|x64
		{A08CFFD9-3D4A-40F1-83A8-5A485B6DB02D}.Debug|x64.Build.0 = Debug|x64
		{A08CFFD9-3D4A-40F1-83A8-5A485B6DB02D}.Debug|x86.ActiveCfg = Debug|Win32
		{A08CFFD9-3D4A-40F1-83A8-5A485B6DB02D}.Debug|x86.Build.0 = Debug|Win32
		{A08CFFD9-3D4A-40F1-83A8-5A485B6DB02D}.Release|x64.ActiveCfg = Release|x64
		{A08CFFD9-3D4A-40F1-83A8-5A485B6DB02D}.Release|x64.Build.0 = Release|x64
		{A08CFFD9-3D4A-40F1-83A8-5A485B6DB02D}.Release|x86.ActiveCfg = Release|Win32
		{A08CFFD9-3D4A-40F1-83A8-5A485B6DB02D}.Release|x86.Build.0 = Release|Win32
		{BA407E9E-512D-4CC7-910D-ECE0A9547351}.Debug|x64.ActiveCfg = Debug|x64
		{BA407E9E-512D-4CC7-910D-ECE0A9547351}.Debug|x64.Build.0 = Debug|x64
		{BA407E9E-512D-4CC7-910D-ECE0A9547351}.Debug|x86.ActiveCfg = Debug|Win32
		{BA407E9E-512D-4CC7-910D-ECE0A9547351}.Debug|x86.Build.0 = Debug|Win32
		{BA407E9E-512D-4CC7-910D-ECE0A9547351}.Release|x64.ActiveCfg = Release|x64
		{BA407E9E-512D-4CC7-910D-ECE0A9547351}.Release|x64.Build.0 = Release|x64
		{BA407E9E-512D-4CC7-910D-ECE0A9547351}.Release|x86.ActiveCfg = Release|Win32
		{BA407E9E-512D-4CC7-910D-ECE0A9547351}.Release|x86.Build.0 = Release|Win32
		{D69BBFCD-6650-4271-BAEB-E75B43E2E86E}.Debug|x64.ActiveCfg = Debug|x64
		{D69BBFCD-6650-4271-BAEB-E75B43E2E86E}.Debug|x64.Build.0 = Debug|x64
		{D69BBFCD-6650-4271-BAEB-E75B43E2E86E}.Debug|x86.ActiveCfg = Debug|Win32
		{D69BBFCD-6650-4271-BAEB-E75B43E2E86E}.Debug|x86.Build.0 = Debug|Win32
		{D69BBFCD-6650-4271-BAEB-E75B43E2E86E}.Release|x64.ActiveCfg = Release|x64
		{D69BBFCD-6650-4271-BAEB-E75B43E2E86E}.Release|x64.Build.0 = Release|x64
		{D69BBFCD-6650-4271-BAEB-E75B43E2E86E}.Release|x86.ActiveCfg = Release|Win32
		{D69BBFCD-6650-4271-BAEB-E75B43E2E86E}.Release|x86.Build.0 = Release|Win32
		{C3C98B9C-6FD3-422C-BE19-698677B7D30D}.Debug|x64.ActiveCfg = Debug|x64
		{C3C98B9C-6FD3-422C-BE19-698677B7D30D}.Debug|x64.Build.0 = Debug|x64
		{C3C98B9C-6FD3-422C-BE19-698677B7D30D}.Debug|x86.ActiveCfg = Debug|Win32
		{C3C98B9C-6FD3-422C-BE19-698677B7D30D}.Debug|x86.Build.0 = Debug|Win32
		{C3C98B9C-6FD3-422C-BE19-698677B7D30D}.Release|x64.ActiveCfg = Release|x64
		{C3C98B9C-6FD3-422C-BE19-698677B7D30D}.Release|x64.Build.0 = Release|x64
		{C3C98B9C-6FD3-422C-BE19-698677B7D30D}.Release|x86.ActiveCfg = Release|Win32
		{C3C98B9C-6FD3-422C-BE19-698677B7D30D}.Release|x86.Build.0 = Release|Win32
		{476E6E0E-4D2A-4AF9-87B6-9BFD6DCD538E}.Debug|x64.ActiveCfg = Debug|x64
		{476E6E0E-4D2A-4AF9-87B6-9BFD6DCD538E}.Debug|x64.Build.0 = Debug|x64
		{476E6E0E-4D2A-4AF9-87B6-9BFD6DCD538E}.Debug|x86.ActiveCfg = Debug|Win32
		{476E6E0E-4D2A-4AF9-87B6-9BFD6DCD538E}.Debug|x86.Build.0 = Debug|Win32
		{476E6E0E-4D2A-4AF9-87B6-9BFD6DCD538E}.Release|x64.ActiveCfg = Release|x64
		{476E6E0E-4D2A-4AF9-87B6-9BFD6DCD538E}.Release|x64.Build.0 = Release|x64
		{476E6E0E-4D2A-4AF9-87B6-9BFD6DCD538E}.Release|x86.ActiveCfg = Release|Win32
		{476E6E0E-4D2A-4AF9-87B6-9BFD6DCD538E}.Release|x86.Build.0 = Release|Win32
		{59B71586-BD0C-496D-AD9D-C4AEDA51D715}.Debug|x64.ActiveCfg = Debug|x64
		{59B71586-BD0C-496D-AD9D-C4AEDA51D715}.Debug|x64.Build.0 = Debug|x64
		{59B71586-BD0C-496D-AD9D-C4AEDA51D715}.Debug|x86.ActiveCfg = Debug|Win32
		{59B71586-BD0C-496D-AD9D-C4AEDA51D715}.Debug|x86.Build.0 = Debug|Win32
		{59B71586-BD0C-496D-AD9D-C4AEDA51D715}.Release|x64.ActiveCfg = Release|x64
		{59B71586-BD0C-496D-AD9D-C4AEDA51D715}.Release|x64.Build.0 = Release|x64
		{59B71586-BD0C-496D-AD9D-C4AEDA51D715}.Release|x86.ActiveCfg = Release|Win32
		{59B71586-BD0C-496D-AD9D-C4AEDA51D715}.Release|x86.Build.0 = Release|Win32
		{6098ED92-9BBF-483B-804D-8A1B042E8395}.Debug|x64.ActiveCfg = Debug|x64
		{6098ED92-9BBF-483B-804D-8A1B042E8395}.Debug|x64.Build.0 = Debug|x64
		{6098ED92-9BBF-483B-804D-8A1B042E8395}.Debug|x86.ActiveCfg = Debug|Win32
		{6098ED92-9BBF-483B-804D-8A1B042E8395}.Debug|x86.Build.0 = Debug|Win32
		{6098ED92-9BBF-483B-804D-8A1B042E8395}.Release|x64.ActiveCfg = Release|x64
		{6098ED92-9BBF-483B-804D-8A1B042E8395}.Release|x64.Build.0 = Release|x64
		{6098ED92-9BBF-483B-804D-8A1B042E8395}.Release|x86.ActiveCfg = Release|Win32
		{6098ED92-9BBF-483B-804D-8A1B042E8395}.Release|x86.Build.0 = Release|Win32
		{056FB18F-C076-4325-8A75-12236479A859}.Debug|x64.ActiveCfg = Debug|x64
		{056FB18F-C076-4325-8A75-12236479A859}.Debug|x64.Build.0 = Debug|x64
		{056FB18F-C076-4325-8A75-12236479A859}.Debug|x86.ActiveCfg = Debug|Win32
		{056FB18F-C076-4325-8A75-12236479A859}.Debug|x86.Build.0 = Debug|Win32
		{056FB18F-C076-4325-8A75-12236479A859}.Release|x64.ActiveCfg = Release|x64
		{056FB18F-C076-4325-8A75-12236479A859}.Release|x64.Build.0 = Release|x64
		{056FB18F-C076-4325-8A75-12236479A859}.Release|x86.ActiveCfg = Release|Win32
		{056FB18F-C076-4325-8A75-12236479A859}.Release|x86.Build.0 = Release|Win32
		{2E3B3A21-E145-4D80-8783-7BDD772B8910}.Debug|x64.ActiveCfg = Debug|x64
		{2E3B3A21-E145-4D80-8783-7BDD772B8910}.Debug|x64.Build.0 = Debug|x64
		{2E3B3A21-E145-4D80-8783-7BDD772B8910}.Debug|x86.ActiveCfg = Debug|Win32
		{2E3B3A21-E145-4D80-8783-7BDD772B8910}.Debug|x86.Build.0 = Debug|Win32
		{2E3B3A21-E145-4D80-8783-7BDD772B8910}.Release|x64.ActiveCfg = Release|x64
		{2E3B3A21-E145-4D80-8783-7BDD772B8910}.Release|x64.Build.0 = Release|x64
		{2E3B3A21-E145-4D80-8783-7BDD772B8910}.Release|x86.ActiveCfg = Release|Win32
		{2E3B3A21-E145-4D80-8783-7BDD772B8910}.Release|x86.Build.0 = Release|Win32
		{A6163A3B-FEF1-4749-9EC4-CACF2E5F2C7B}.Debug|x64.ActiveCfg = Debug|x64
		{A6163A3B-FEF1-4749-9EC4-CACF2E5F2C7B}.Debug|x64.Build.0 = Debug|x64
		{A6163A3B-FEF1-4749-9EC4-CACF2E5F2C7B}.Debug|x86.ActiveCfg = Debug|Win32
		{A6163A3B-FEF1-4749-9EC4-CACF2E5F2C7B}.Debug|x86.Build.0 = Debug|Win32
		{A6163A3B-FEF1-4749-9EC4-CACF2E5F2C7B}.Release|x64.ActiveCfg = Release|x64
		{A6163A3B-FEF1-4749-9EC4-CACF2E5F2C7B}.Release|x64.Build.0 = Release|x64
		{A6163A3B-FEF1-4749-9EC4-CACF2E5F2C7B}.Release|x86.ActiveCfg = Release|Win32
		{A6163A3B-FEF1-4749-9EC4-CACF2E5F2C7B}.Release|x86.Build.0 = Release|Win32
		{28544E76-7DA3-4154-B513-4AC7B442EA15}.Debug|x64.ActiveCfg = Debug|x64
		{28544E76-7DA3-4154-B513-4AC7B442EA15}.Debug|x64.Build.0 = Debug|x64
		{28544E76-7DA3-4154-B513-4AC7B442EA15}.Debug|x86.ActiveCfg = Debug|Win32
		{28544E76-7DA3-4154-B513-4AC7B442EA15}.Debug|x86.Build.0 = Debug|Win32
		{28544E76-7DA3-4154-B513-4AC7B442EA15}.Release|x64.ActiveCfg = Release|x64
		{28544E76-7DA3-4154-B513-4AC7B442EA15}.Release|x64.Build.0 = Release|x64
		{28544E76-7DA3-4154-B513-4AC7B442EA15}.Release|x86.ActiveCfg = Release|Win32
		{28544E76-7DA3-4154-B513-4AC7B442EA15}.Release|x86.Build.0 = Release|Win32
	EndGlobalSection
	GlobalSection(SolutionProperties) = preSolution
		HideSolutionNode = FALSE
	EndGlobalSection
EndGlobal
